// !$*UTF8*$!
{
	archiveVersion = 1;
	classes = {
	};
	objectVersion = 56;
	objects = {

/* Begin PBXBuildFile section */
		6319C7502A6844B20083DC17 /* AppDelegate.swift in Sources */ = {isa = PBXBuildFile; fileRef = 6319C74F2A6844B20083DC17 /* AppDelegate.swift */; };
		6319C7522A6844B20083DC17 /* SceneDelegate.swift in Sources */ = {isa = PBXBuildFile; fileRef = 6319C7512A6844B20083DC17 /* SceneDelegate.swift */; };
		6319C7542A6844B20083DC17 /* ViewController.swift in Sources */ = {isa = PBXBuildFile; fileRef = 6319C7532A6844B20083DC17 /* ViewController.swift */; };
		6319C7592A6844B40083DC17 /* Assets.xcassets in Resources */ = {isa = PBXBuildFile; fileRef = 6319C7582A6844B40083DC17 /* Assets.xcassets */; };
		6319C75C2A6844B40083DC17 /* LaunchScreen.storyboard in Resources */ = {isa = PBXBuildFile; fileRef = 6319C75A2A6844B40083DC17 /* LaunchScreen.storyboard */; };
		6319C7672A6844B40083DC17 /* blackListTests.swift in Sources */ = {isa = PBXBuildFile; fileRef = 6319C7662A6844B40083DC17 /* blackListTests.swift */; };
		6319C7712A6844B40083DC17 /* blackListUITests.swift in Sources */ = {isa = PBXBuildFile; fileRef = 6319C7702A6844B40083DC17 /* blackListUITests.swift */; };
		6319C7732A6844B40083DC17 /* blackListUITestsLaunchTests.swift in Sources */ = {isa = PBXBuildFile; fileRef = 6319C7722A6844B40083DC17 /* blackListUITestsLaunchTests.swift */; };
		6319C7802A6848570083DC17 /* menuViewController.swift in Sources */ = {isa = PBXBuildFile; fileRef = 6319C77F2A6848570083DC17 /* menuViewController.swift */; };
		6319C7832A684A9C0083DC17 /* SnapKit in Frameworks */ = {isa = PBXBuildFile; productRef = 6319C7822A684A9C0083DC17 /* SnapKit */; };
		6319C7852A686BB80083DC17 /* buyList.swift in Sources */ = {isa = PBXBuildFile; fileRef = 6319C7842A686BB80083DC17 /* buyList.swift */; };
		6319C78B2A68BD9C0083DC17 /* settings.swift in Sources */ = {isa = PBXBuildFile; fileRef = 6319C78A2A68BD9C0083DC17 /* settings.swift */; };
		6319C7922A6ABBC90083DC17 /* Foil in Frameworks */ = {isa = PBXBuildFile; productRef = 6319C7912A6ABBC90083DC17 /* Foil */; };
		6319C7942A6ABC170083DC17 /* singleton.swift in Sources */ = {isa = PBXBuildFile; fileRef = 6319C7932A6ABC170083DC17 /* singleton.swift */; };
		634C40F92A6C7FC900B6999E /* TrySecondOption.swift in Sources */ = {isa = PBXBuildFile; fileRef = 634C40F82A6C7FC900B6999E /* TrySecondOption.swift */; };
		634C40FF2A6C947B00B6999E /* toDo in Resources */ = {isa = PBXBuildFile; fileRef = 634C40FE2A6C947B00B6999E /* toDo */; };
		639DABD12A927D8100AFD13A /* Realm in Frameworks */ = {isa = PBXBuildFile; productRef = 639DABD02A927D8100AFD13A /* Realm */; };
		639DABD32A927D8100AFD13A /* RealmSwift in Frameworks */ = {isa = PBXBuildFile; productRef = 639DABD22A927D8100AFD13A /* RealmSwift */; };
		CAF04AEA2A6ACC2600A1A8EF /* Helpers.swift in Sources */ = {isa = PBXBuildFile; fileRef = CAF04AE92A6ACC2600A1A8EF /* Helpers.swift */; };
/* End PBXBuildFile section */

/* Begin PBXContainerItemProxy section */
		6319C7632A6844B40083DC17 /* PBXContainerItemProxy */ = {
			isa = PBXContainerItemProxy;
			containerPortal = 6319C7442A6844B20083DC17 /* Project object */;
			proxyType = 1;
			remoteGlobalIDString = 6319C74B2A6844B20083DC17;
			remoteInfo = blackList;
		};
		6319C76D2A6844B40083DC17 /* PBXContainerItemProxy */ = {
			isa = PBXContainerItemProxy;
			containerPortal = 6319C7442A6844B20083DC17 /* Project object */;
			proxyType = 1;
			remoteGlobalIDString = 6319C74B2A6844B20083DC17;
			remoteInfo = blackList;
		};
/* End PBXContainerItemProxy section */

/* Begin PBXFileReference section */
		6319C74C2A6844B20083DC17 /* blackList.app */ = {isa = PBXFileReference; explicitFileType = wrapper.application; includeInIndex = 0; path = blackList.app; sourceTree = BUILT_PRODUCTS_DIR; };
		6319C74F2A6844B20083DC17 /* AppDelegate.swift */ = {isa = PBXFileReference; lastKnownFileType = sourcecode.swift; path = AppDelegate.swift; sourceTree = "<group>"; };
		6319C7512A6844B20083DC17 /* SceneDelegate.swift */ = {isa = PBXFileReference; lastKnownFileType = sourcecode.swift; path = SceneDelegate.swift; sourceTree = "<group>"; };
		6319C7532A6844B20083DC17 /* ViewController.swift */ = {isa = PBXFileReference; lastKnownFileType = sourcecode.swift; path = ViewController.swift; sourceTree = "<group>"; };
		6319C7582A6844B40083DC17 /* Assets.xcassets */ = {isa = PBXFileReference; lastKnownFileType = folder.assetcatalog; path = Assets.xcassets; sourceTree = "<group>"; };
		6319C75B2A6844B40083DC17 /* Base */ = {isa = PBXFileReference; lastKnownFileType = file.storyboard; name = Base; path = Base.lproj/LaunchScreen.storyboard; sourceTree = "<group>"; };
		6319C75D2A6844B40083DC17 /* Info.plist */ = {isa = PBXFileReference; lastKnownFileType = text.plist.xml; path = Info.plist; sourceTree = "<group>"; };
		6319C7622A6844B40083DC17 /* blackListTests.xctest */ = {isa = PBXFileReference; explicitFileType = wrapper.cfbundle; includeInIndex = 0; path = blackListTests.xctest; sourceTree = BUILT_PRODUCTS_DIR; };
		6319C7662A6844B40083DC17 /* blackListTests.swift */ = {isa = PBXFileReference; lastKnownFileType = sourcecode.swift; path = blackListTests.swift; sourceTree = "<group>"; };
		6319C76C2A6844B40083DC17 /* blackListUITests.xctest */ = {isa = PBXFileReference; explicitFileType = wrapper.cfbundle; includeInIndex = 0; path = blackListUITests.xctest; sourceTree = BUILT_PRODUCTS_DIR; };
		6319C7702A6844B40083DC17 /* blackListUITests.swift */ = {isa = PBXFileReference; lastKnownFileType = sourcecode.swift; path = blackListUITests.swift; sourceTree = "<group>"; };
		6319C7722A6844B40083DC17 /* blackListUITestsLaunchTests.swift */ = {isa = PBXFileReference; lastKnownFileType = sourcecode.swift; path = blackListUITestsLaunchTests.swift; sourceTree = "<group>"; };
		6319C77F2A6848570083DC17 /* menuViewController.swift */ = {isa = PBXFileReference; lastKnownFileType = sourcecode.swift; path = menuViewController.swift; sourceTree = "<group>"; };
		6319C7842A686BB80083DC17 /* buyList.swift */ = {isa = PBXFileReference; lastKnownFileType = sourcecode.swift; path = buyList.swift; sourceTree = "<group>"; };
		6319C78A2A68BD9C0083DC17 /* settings.swift */ = {isa = PBXFileReference; lastKnownFileType = sourcecode.swift; path = settings.swift; sourceTree = "<group>"; };
		6319C7932A6ABC170083DC17 /* singleton.swift */ = {isa = PBXFileReference; lastKnownFileType = sourcecode.swift; path = singleton.swift; sourceTree = "<group>"; };
		634C40F82A6C7FC900B6999E /* TrySecondOption.swift */ = {isa = PBXFileReference; lastKnownFileType = sourcecode.swift; path = TrySecondOption.swift; sourceTree = "<group>"; };
		634C40FE2A6C947B00B6999E /* toDo */ = {isa = PBXFileReference; lastKnownFileType = text; path = toDo; sourceTree = "<group>"; };
		CAF04AE92A6ACC2600A1A8EF /* Helpers.swift */ = {isa = PBXFileReference; lastKnownFileType = sourcecode.swift; path = Helpers.swift; sourceTree = "<group>"; };
/* End PBXFileReference section */

/* Begin PBXFrameworksBuildPhase section */
		6319C7492A6844B20083DC17 /* Frameworks */ = {
			isa = PBXFrameworksBuildPhase;
			buildActionMask = 2147483647;
			files = (
				639DABD32A927D8100AFD13A /* RealmSwift in Frameworks */,
				639DABD12A927D8100AFD13A /* Realm in Frameworks */,
				6319C7922A6ABBC90083DC17 /* Foil in Frameworks */,
				6319C7832A684A9C0083DC17 /* SnapKit in Frameworks */,
			);
			runOnlyForDeploymentPostprocessing = 0;
		};
		6319C75F2A6844B40083DC17 /* Frameworks */ = {
			isa = PBXFrameworksBuildPhase;
			buildActionMask = 2147483647;
			files = (
			);
			runOnlyForDeploymentPostprocessing = 0;
		};
		6319C7692A6844B40083DC17 /* Frameworks */ = {
			isa = PBXFrameworksBuildPhase;
			buildActionMask = 2147483647;
			files = (
			);
			runOnlyForDeploymentPostprocessing = 0;
		};
/* End PBXFrameworksBuildPhase section */

/* Begin PBXGroup section */
		6319C7432A6844B20083DC17 = {
			isa = PBXGroup;
			children = (
				6319C74E2A6844B20083DC17 /* blackList */,
				6319C7652A6844B40083DC17 /* blackListTests */,
				6319C76F2A6844B40083DC17 /* blackListUITests */,
				6319C74D2A6844B20083DC17 /* Products */,
			);
			sourceTree = "<group>";
		};
		6319C74D2A6844B20083DC17 /* Products */ = {
			isa = PBXGroup;
			children = (
				6319C74C2A6844B20083DC17 /* blackList.app */,
				6319C7622A6844B40083DC17 /* blackListTests.xctest */,
				6319C76C2A6844B40083DC17 /* blackListUITests.xctest */,
			);
			name = Products;
			sourceTree = "<group>";
		};
		6319C74E2A6844B20083DC17 /* blackList */ = {
			isa = PBXGroup;
			children = (
				634C40FE2A6C947B00B6999E /* toDo */,
				634C40FD2A6C931000B6999E /* SecondOption */,
				6319C7892A68B5500083DC17 /* Assistant */,
				6319C7882A68B5270083DC17 /* Menu */,
				6319C75A2A6844B40083DC17 /* LaunchScreen.storyboard */,
				6319C75D2A6844B40083DC17 /* Info.plist */,
			);
			path = blackList;
			sourceTree = "<group>";
		};
		6319C7652A6844B40083DC17 /* blackListTests */ = {
			isa = PBXGroup;
			children = (
				6319C7662A6844B40083DC17 /* blackListTests.swift */,
			);
			path = blackListTests;
			sourceTree = "<group>";
		};
		6319C76F2A6844B40083DC17 /* blackListUITests */ = {
			isa = PBXGroup;
			children = (
				6319C7702A6844B40083DC17 /* blackListUITests.swift */,
				6319C7722A6844B40083DC17 /* blackListUITestsLaunchTests.swift */,
			);
			path = blackListUITests;
			sourceTree = "<group>";
		};
		6319C7882A68B5270083DC17 /* Menu */ = {
			isa = PBXGroup;
			children = (
				6319C77F2A6848570083DC17 /* menuViewController.swift */,
				6319C7842A686BB80083DC17 /* buyList.swift */,
				CAF04AE92A6ACC2600A1A8EF /* Helpers.swift */,
				6319C7932A6ABC170083DC17 /* singleton.swift */,
				6319C78A2A68BD9C0083DC17 /* settings.swift */,
			);
			path = Menu;
			sourceTree = "<group>";
		};
		6319C7892A68B5500083DC17 /* Assistant */ = {
			isa = PBXGroup;
			children = (
				6319C7512A6844B20083DC17 /* SceneDelegate.swift */,
				6319C7532A6844B20083DC17 /* ViewController.swift */,
				6319C74F2A6844B20083DC17 /* AppDelegate.swift */,
			);
			path = Assistant;
			sourceTree = "<group>";
		};
		634C40FD2A6C931000B6999E /* SecondOption */ = {
			isa = PBXGroup;
			children = (
				634C40F82A6C7FC900B6999E /* TrySecondOption.swift */,
				6319C7582A6844B40083DC17 /* Assets.xcassets */,
			);
			path = SecondOption;
			sourceTree = "<group>";
		};
/* End PBXGroup section */

/* Begin PBXNativeTarget section */
		6319C74B2A6844B20083DC17 /* blackList */ = {
			isa = PBXNativeTarget;
			buildConfigurationList = 6319C7762A6844B40083DC17 /* Build configuration list for PBXNativeTarget "blackList" */;
			buildPhases = (
				6319C7482A6844B20083DC17 /* Sources */,
				6319C7492A6844B20083DC17 /* Frameworks */,
				6319C74A2A6844B20083DC17 /* Resources */,
			);
			buildRules = (
			);
			dependencies = (
			);
			name = blackList;
			packageProductDependencies = (
				6319C7822A684A9C0083DC17 /* SnapKit */,
				6319C7912A6ABBC90083DC17 /* Foil */,
				639DABD02A927D8100AFD13A /* Realm */,
				639DABD22A927D8100AFD13A /* RealmSwift */,
			);
			productName = blackList;
			productReference = 6319C74C2A6844B20083DC17 /* blackList.app */;
			productType = "com.apple.product-type.application";
		};
		6319C7612A6844B40083DC17 /* blackListTests */ = {
			isa = PBXNativeTarget;
			buildConfigurationList = 6319C7792A6844B40083DC17 /* Build configuration list for PBXNativeTarget "blackListTests" */;
			buildPhases = (
				6319C75E2A6844B40083DC17 /* Sources */,
				6319C75F2A6844B40083DC17 /* Frameworks */,
				6319C7602A6844B40083DC17 /* Resources */,
			);
			buildRules = (
			);
			dependencies = (
				6319C7642A6844B40083DC17 /* PBXTargetDependency */,
			);
			name = blackListTests;
			productName = blackListTests;
			productReference = 6319C7622A6844B40083DC17 /* blackListTests.xctest */;
			productType = "com.apple.product-type.bundle.unit-test";
		};
		6319C76B2A6844B40083DC17 /* blackListUITests */ = {
			isa = PBXNativeTarget;
			buildConfigurationList = 6319C77C2A6844B40083DC17 /* Build configuration list for PBXNativeTarget "blackListUITests" */;
			buildPhases = (
				6319C7682A6844B40083DC17 /* Sources */,
				6319C7692A6844B40083DC17 /* Frameworks */,
				6319C76A2A6844B40083DC17 /* Resources */,
			);
			buildRules = (
			);
			dependencies = (
				6319C76E2A6844B40083DC17 /* PBXTargetDependency */,
			);
			name = blackListUITests;
			productName = blackListUITests;
			productReference = 6319C76C2A6844B40083DC17 /* blackListUITests.xctest */;
			productType = "com.apple.product-type.bundle.ui-testing";
		};
/* End PBXNativeTarget section */

/* Begin PBXProject section */
		6319C7442A6844B20083DC17 /* Project object */ = {
			isa = PBXProject;
			attributes = {
				BuildIndependentTargetsInParallel = 1;
				LastSwiftUpdateCheck = 1430;
				LastUpgradeCheck = 1430;
				TargetAttributes = {
					6319C74B2A6844B20083DC17 = {
						CreatedOnToolsVersion = 14.3.1;
					};
					6319C7612A6844B40083DC17 = {
						CreatedOnToolsVersion = 14.3.1;
						TestTargetID = 6319C74B2A6844B20083DC17;
					};
					6319C76B2A6844B40083DC17 = {
						CreatedOnToolsVersion = 14.3.1;
						TestTargetID = 6319C74B2A6844B20083DC17;
					};
				};
			};
			buildConfigurationList = 6319C7472A6844B20083DC17 /* Build configuration list for PBXProject "blackList" */;
			compatibilityVersion = "Xcode 14.0";
			developmentRegion = en;
			hasScannedForEncodings = 0;
			knownRegions = (
				en,
				Base,
			);
			mainGroup = 6319C7432A6844B20083DC17;
			packageReferences = (
				6319C7812A684A9C0083DC17 /* XCRemoteSwiftPackageReference "SnapKit" */,
				6319C7902A6ABBC90083DC17 /* XCRemoteSwiftPackageReference "Foil" */,
				639DABCF2A927D8100AFD13A /* XCRemoteSwiftPackageReference "realm-swift" */,
			);
			productRefGroup = 6319C74D2A6844B20083DC17 /* Products */;
			projectDirPath = "";
			projectRoot = "";
			targets = (
				6319C74B2A6844B20083DC17 /* blackList */,
				6319C7612A6844B40083DC17 /* blackListTests */,
				6319C76B2A6844B40083DC17 /* blackListUITests */,
			);
		};
/* End PBXProject section */

/* Begin PBXResourcesBuildPhase section */
		6319C74A2A6844B20083DC17 /* Resources */ = {
			isa = PBXResourcesBuildPhase;
			buildActionMask = 2147483647;
			files = (
				634C40FF2A6C947B00B6999E /* toDo in Resources */,
				6319C75C2A6844B40083DC17 /* LaunchScreen.storyboard in Resources */,
				6319C7592A6844B40083DC17 /* Assets.xcassets in Resources */,
			);
			runOnlyForDeploymentPostprocessing = 0;
		};
		6319C7602A6844B40083DC17 /* Resources */ = {
			isa = PBXResourcesBuildPhase;
			buildActionMask = 2147483647;
			files = (
			);
			runOnlyForDeploymentPostprocessing = 0;
		};
		6319C76A2A6844B40083DC17 /* Resources */ = {
			isa = PBXResourcesBuildPhase;
			buildActionMask = 2147483647;
			files = (
			);
			runOnlyForDeploymentPostprocessing = 0;
		};
/* End PBXResourcesBuildPhase section */

/* Begin PBXSourcesBuildPhase section */
		6319C7482A6844B20083DC17 /* Sources */ = {
			isa = PBXSourcesBuildPhase;
			buildActionMask = 2147483647;
			files = (
				6319C7542A6844B20083DC17 /* ViewController.swift in Sources */,
				6319C7502A6844B20083DC17 /* AppDelegate.swift in Sources */,
				6319C78B2A68BD9C0083DC17 /* settings.swift in Sources */,
				634C40F92A6C7FC900B6999E /* TrySecondOption.swift in Sources */,
				CAF04AEA2A6ACC2600A1A8EF /* Helpers.swift in Sources */,
				6319C7522A6844B20083DC17 /* SceneDelegate.swift in Sources */,
				6319C7942A6ABC170083DC17 /* singleton.swift in Sources */,
				6319C7852A686BB80083DC17 /* buyList.swift in Sources */,
				6319C7802A6848570083DC17 /* menuViewController.swift in Sources */,
			);
			runOnlyForDeploymentPostprocessing = 0;
		};
		6319C75E2A6844B40083DC17 /* Sources */ = {
			isa = PBXSourcesBuildPhase;
			buildActionMask = 2147483647;
			files = (
				6319C7672A6844B40083DC17 /* blackListTests.swift in Sources */,
			);
			runOnlyForDeploymentPostprocessing = 0;
		};
		6319C7682A6844B40083DC17 /* Sources */ = {
			isa = PBXSourcesBuildPhase;
			buildActionMask = 2147483647;
			files = (
				6319C7732A6844B40083DC17 /* blackListUITestsLaunchTests.swift in Sources */,
				6319C7712A6844B40083DC17 /* blackListUITests.swift in Sources */,
			);
			runOnlyForDeploymentPostprocessing = 0;
		};
/* End PBXSourcesBuildPhase section */

/* Begin PBXTargetDependency section */
		6319C7642A6844B40083DC17 /* PBXTargetDependency */ = {
			isa = PBXTargetDependency;
			target = 6319C74B2A6844B20083DC17 /* blackList */;
			targetProxy = 6319C7632A6844B40083DC17 /* PBXContainerItemProxy */;
		};
		6319C76E2A6844B40083DC17 /* PBXTargetDependency */ = {
			isa = PBXTargetDependency;
			target = 6319C74B2A6844B20083DC17 /* blackList */;
			targetProxy = 6319C76D2A6844B40083DC17 /* PBXContainerItemProxy */;
		};
/* End PBXTargetDependency section */

/* Begin PBXVariantGroup section */
		6319C75A2A6844B40083DC17 /* LaunchScreen.storyboard */ = {
			isa = PBXVariantGroup;
			children = (
				6319C75B2A6844B40083DC17 /* Base */,
			);
			name = LaunchScreen.storyboard;
			sourceTree = "<group>";
		};
/* End PBXVariantGroup section */

/* Begin XCBuildConfiguration section */
		6319C7742A6844B40083DC17 /* Debug */ = {
			isa = XCBuildConfiguration;
			buildSettings = {
				ALWAYS_SEARCH_USER_PATHS = NO;
				CLANG_ANALYZER_NONNULL = YES;
				CLANG_ANALYZER_NUMBER_OBJECT_CONVERSION = YES_AGGRESSIVE;
				CLANG_CXX_LANGUAGE_STANDARD = "gnu++20";
				CLANG_ENABLE_MODULES = YES;
				CLANG_ENABLE_OBJC_ARC = YES;
				CLANG_ENABLE_OBJC_WEAK = YES;
				CLANG_WARN_BLOCK_CAPTURE_AUTORELEASING = YES;
				CLANG_WARN_BOOL_CONVERSION = YES;
				CLANG_WARN_COMMA = YES;
				CLANG_WARN_CONSTANT_CONVERSION = YES;
				CLANG_WARN_DEPRECATED_OBJC_IMPLEMENTATIONS = YES;
				CLANG_WARN_DIRECT_OBJC_ISA_USAGE = YES_ERROR;
				CLANG_WARN_DOCUMENTATION_COMMENTS = YES;
				CLANG_WARN_EMPTY_BODY = YES;
				CLANG_WARN_ENUM_CONVERSION = YES;
				CLANG_WARN_INFINITE_RECURSION = YES;
				CLANG_WARN_INT_CONVERSION = YES;
				CLANG_WARN_NON_LITERAL_NULL_CONVERSION = YES;
				CLANG_WARN_OBJC_IMPLICIT_RETAIN_SELF = YES;
				CLANG_WARN_OBJC_LITERAL_CONVERSION = YES;
				CLANG_WARN_OBJC_ROOT_CLASS = YES_ERROR;
				CLANG_WARN_QUOTED_INCLUDE_IN_FRAMEWORK_HEADER = YES;
				CLANG_WARN_RANGE_LOOP_ANALYSIS = YES;
				CLANG_WARN_STRICT_PROTOTYPES = YES;
				CLANG_WARN_SUSPICIOUS_MOVE = YES;
				CLANG_WARN_UNGUARDED_AVAILABILITY = YES_AGGRESSIVE;
				CLANG_WARN_UNREACHABLE_CODE = YES;
				CLANG_WARN__DUPLICATE_METHOD_MATCH = YES;
				COPY_PHASE_STRIP = NO;
				DEBUG_INFORMATION_FORMAT = dwarf;
				ENABLE_STRICT_OBJC_MSGSEND = YES;
				ENABLE_TESTABILITY = YES;
				GCC_C_LANGUAGE_STANDARD = gnu11;
				GCC_DYNAMIC_NO_PIC = NO;
				GCC_NO_COMMON_BLOCKS = YES;
				GCC_OPTIMIZATION_LEVEL = 0;
				GCC_PREPROCESSOR_DEFINITIONS = (
					"DEBUG=1",
					"$(inherited)",
				);
				GCC_WARN_64_TO_32_BIT_CONVERSION = YES;
				GCC_WARN_ABOUT_RETURN_TYPE = YES_ERROR;
				GCC_WARN_UNDECLARED_SELECTOR = YES;
				GCC_WARN_UNINITIALIZED_AUTOS = YES_AGGRESSIVE;
				GCC_WARN_UNUSED_FUNCTION = YES;
				GCC_WARN_UNUSED_VARIABLE = YES;
				IPHONEOS_DEPLOYMENT_TARGET = 16.4;
				MTL_ENABLE_DEBUG_INFO = INCLUDE_SOURCE;
				MTL_FAST_MATH = YES;
				ONLY_ACTIVE_ARCH = YES;
				SDKROOT = iphoneos;
				SWIFT_ACTIVE_COMPILATION_CONDITIONS = DEBUG;
				SWIFT_OPTIMIZATION_LEVEL = "-Onone";
			};
			name = Debug;
		};
		6319C7752A6844B40083DC17 /* Release */ = {
			isa = XCBuildConfiguration;
			buildSettings = {
				ALWAYS_SEARCH_USER_PATHS = NO;
				CLANG_ANALYZER_NONNULL = YES;
				CLANG_ANALYZER_NUMBER_OBJECT_CONVERSION = YES_AGGRESSIVE;
				CLANG_CXX_LANGUAGE_STANDARD = "gnu++20";
				CLANG_ENABLE_MODULES = YES;
				CLANG_ENABLE_OBJC_ARC = YES;
				CLANG_ENABLE_OBJC_WEAK = YES;
				CLANG_WARN_BLOCK_CAPTURE_AUTORELEASING = YES;
				CLANG_WARN_BOOL_CONVERSION = YES;
				CLANG_WARN_COMMA = YES;
				CLANG_WARN_CONSTANT_CONVERSION = YES;
				CLANG_WARN_DEPRECATED_OBJC_IMPLEMENTATIONS = YES;
				CLANG_WARN_DIRECT_OBJC_ISA_USAGE = YES_ERROR;
				CLANG_WARN_DOCUMENTATION_COMMENTS = YES;
				CLANG_WARN_EMPTY_BODY = YES;
				CLANG_WARN_ENUM_CONVERSION = YES;
				CLANG_WARN_INFINITE_RECURSION = YES;
				CLANG_WARN_INT_CONVERSION = YES;
				CLANG_WARN_NON_LITERAL_NULL_CONVERSION = YES;
				CLANG_WARN_OBJC_IMPLICIT_RETAIN_SELF = YES;
				CLANG_WARN_OBJC_LITERAL_CONVERSION = YES;
				CLANG_WARN_OBJC_ROOT_CLASS = YES_ERROR;
				CLANG_WARN_QUOTED_INCLUDE_IN_FRAMEWORK_HEADER = YES;
				CLANG_WARN_RANGE_LOOP_ANALYSIS = YES;
				CLANG_WARN_STRICT_PROTOTYPES = YES;
				CLANG_WARN_SUSPICIOUS_MOVE = YES;
				CLANG_WARN_UNGUARDED_AVAILABILITY = YES_AGGRESSIVE;
				CLANG_WARN_UNREACHABLE_CODE = YES;
				CLANG_WARN__DUPLICATE_METHOD_MATCH = YES;
				COPY_PHASE_STRIP = NO;
				DEBUG_INFORMATION_FORMAT = "dwarf-with-dsym";
				ENABLE_NS_ASSERTIONS = NO;
				ENABLE_STRICT_OBJC_MSGSEND = YES;
				GCC_C_LANGUAGE_STANDARD = gnu11;
				GCC_NO_COMMON_BLOCKS = YES;
				GCC_WARN_64_TO_32_BIT_CONVERSION = YES;
				GCC_WARN_ABOUT_RETURN_TYPE = YES_ERROR;
				GCC_WARN_UNDECLARED_SELECTOR = YES;
				GCC_WARN_UNINITIALIZED_AUTOS = YES_AGGRESSIVE;
				GCC_WARN_UNUSED_FUNCTION = YES;
				GCC_WARN_UNUSED_VARIABLE = YES;
				IPHONEOS_DEPLOYMENT_TARGET = 16.4;
				MTL_ENABLE_DEBUG_INFO = NO;
				MTL_FAST_MATH = YES;
				SDKROOT = iphoneos;
				SWIFT_COMPILATION_MODE = wholemodule;
				SWIFT_OPTIMIZATION_LEVEL = "-O";
				VALIDATE_PRODUCT = YES;
			};
			name = Release;
		};
		6319C7772A6844B40083DC17 /* Debug */ = {
			isa = XCBuildConfiguration;
			buildSettings = {
				ASSETCATALOG_COMPILER_APPICON_NAME = AppIcon;
				ASSETCATALOG_COMPILER_GLOBAL_ACCENT_COLOR_NAME = AccentColor;
				CODE_SIGN_STYLE = Automatic;
				CURRENT_PROJECT_VERSION = 1;
				GENERATE_INFOPLIST_FILE = YES;
				INFOPLIST_FILE = blackList/Info.plist;
				INFOPLIST_KEY_UIApplicationSupportsIndirectInputEvents = YES;
				INFOPLIST_KEY_UILaunchStoryboardName = LaunchScreen;
				INFOPLIST_KEY_UISupportedInterfaceOrientations = UIInterfaceOrientationPortrait;
				INFOPLIST_KEY_UISupportedInterfaceOrientations_iPad = "UIInterfaceOrientationPortrait UIInterfaceOrientationPortraitUpsideDown";
				IPHONEOS_DEPLOYMENT_TARGET = 16.0;
				LD_RUNPATH_SEARCH_PATHS = (
					"$(inherited)",
					"@executable_path/Frameworks",
				);
				MARKETING_VERSION = 1.0;
				PRODUCT_BUNDLE_IDENTIFIER = justcode.blackList;
				PRODUCT_NAME = "$(TARGET_NAME)";
				SWIFT_EMIT_LOC_STRINGS = YES;
				SWIFT_VERSION = 5.0;
				TARGETED_DEVICE_FAMILY = "1,2";
			};
			name = Debug;
		};
		6319C7782A6844B40083DC17 /* Release */ = {
			isa = XCBuildConfiguration;
			buildSettings = {
				ASSETCATALOG_COMPILER_APPICON_NAME = AppIcon;
				ASSETCATALOG_COMPILER_GLOBAL_ACCENT_COLOR_NAME = AccentColor;
				CODE_SIGN_STYLE = Automatic;
				CURRENT_PROJECT_VERSION = 1;
				GENERATE_INFOPLIST_FILE = YES;
				INFOPLIST_FILE = blackList/Info.plist;
				INFOPLIST_KEY_UIApplicationSupportsIndirectInputEvents = YES;
				INFOPLIST_KEY_UILaunchStoryboardName = LaunchScreen;
				INFOPLIST_KEY_UISupportedInterfaceOrientations = UIInterfaceOrientationPortrait;
				INFOPLIST_KEY_UISupportedInterfaceOrientations_iPad = "UIInterfaceOrientationPortrait UIInterfaceOrientationPortraitUpsideDown";
				IPHONEOS_DEPLOYMENT_TARGET = 16.0;
				LD_RUNPATH_SEARCH_PATHS = (
					"$(inherited)",
					"@executable_path/Frameworks",
				);
				MARKETING_VERSION = 1.0;
				PRODUCT_BUNDLE_IDENTIFIER = justcode.blackList;
				PRODUCT_NAME = "$(TARGET_NAME)";
				SWIFT_EMIT_LOC_STRINGS = YES;
				SWIFT_VERSION = 5.0;
				TARGETED_DEVICE_FAMILY = "1,2";
			};
			name = Release;
		};
		6319C77A2A6844B40083DC17 /* Debug */ = {
			isa = XCBuildConfiguration;
			buildSettings = {
				ALWAYS_EMBED_SWIFT_STANDARD_LIBRARIES = YES;
				BUNDLE_LOADER = "$(TEST_HOST)";
				CODE_SIGN_STYLE = Automatic;
				CURRENT_PROJECT_VERSION = 1;
				GENERATE_INFOPLIST_FILE = YES;
				IPHONEOS_DEPLOYMENT_TARGET = 16.4;
				MARKETING_VERSION = 1.0;
				PRODUCT_BUNDLE_IDENTIFIER = justcode.blackListTests;
				PRODUCT_NAME = "$(TARGET_NAME)";
				SWIFT_EMIT_LOC_STRINGS = NO;
				SWIFT_VERSION = 5.0;
				TARGETED_DEVICE_FAMILY = "1,2";
				TEST_HOST = "$(BUILT_PRODUCTS_DIR)/blackList.app/$(BUNDLE_EXECUTABLE_FOLDER_PATH)/blackList";
			};
			name = Debug;
		};
		6319C77B2A6844B40083DC17 /* Release */ = {
			isa = XCBuildConfiguration;
			buildSettings = {
				ALWAYS_EMBED_SWIFT_STANDARD_LIBRARIES = YES;
				BUNDLE_LOADER = "$(TEST_HOST)";
				CODE_SIGN_STYLE = Automatic;
				CURRENT_PROJECT_VERSION = 1;
				GENERATE_INFOPLIST_FILE = YES;
				IPHONEOS_DEPLOYMENT_TARGET = 16.4;
				MARKETING_VERSION = 1.0;
				PRODUCT_BUNDLE_IDENTIFIER = justcode.blackListTests;
				PRODUCT_NAME = "$(TARGET_NAME)";
				SWIFT_EMIT_LOC_STRINGS = NO;
				SWIFT_VERSION = 5.0;
				TARGETED_DEVICE_FAMILY = "1,2";
				TEST_HOST = "$(BUILT_PRODUCTS_DIR)/blackList.app/$(BUNDLE_EXECUTABLE_FOLDER_PATH)/blackList";
			};
			name = Release;
		};
		6319C77D2A6844B40083DC17 /* Debug */ = {
			isa = XCBuildConfiguration;
			buildSettings = {
				ALWAYS_EMBED_SWIFT_STANDARD_LIBRARIES = YES;
				CODE_SIGN_STYLE = Automatic;
				CURRENT_PROJECT_VERSION = 1;
				GENERATE_INFOPLIST_FILE = YES;
				MARKETING_VERSION = 1.0;
				PRODUCT_BUNDLE_IDENTIFIER = justcode.blackListUITests;
				PRODUCT_NAME = "$(TARGET_NAME)";
				SWIFT_EMIT_LOC_STRINGS = NO;
				SWIFT_VERSION = 5.0;
				TARGETED_DEVICE_FAMILY = "1,2";
				TEST_TARGET_NAME = blackList;
			};
			name = Debug;
		};
		6319C77E2A6844B40083DC17 /* Release */ = {
			isa = XCBuildConfiguration;
			buildSettings = {
				ALWAYS_EMBED_SWIFT_STANDARD_LIBRARIES = YES;
				CODE_SIGN_STYLE = Automatic;
				CURRENT_PROJECT_VERSION = 1;
				GENERATE_INFOPLIST_FILE = YES;
				MARKETING_VERSION = 1.0;
				PRODUCT_BUNDLE_IDENTIFIER = justcode.blackListUITests;
				PRODUCT_NAME = "$(TARGET_NAME)";
				SWIFT_EMIT_LOC_STRINGS = NO;
				SWIFT_VERSION = 5.0;
				TARGETED_DEVICE_FAMILY = "1,2";
				TEST_TARGET_NAME = blackList;
			};
			name = Release;
		};
/* End XCBuildConfiguration section */

/* Begin XCConfigurationList section */
		6319C7472A6844B20083DC17 /* Build configuration list for PBXProject "blackList" */ = {
			isa = XCConfigurationList;
			buildConfigurations = (
				6319C7742A6844B40083DC17 /* Debug */,
				6319C7752A6844B40083DC17 /* Release */,
			);
			defaultConfigurationIsVisible = 0;
			defaultConfigurationName = Release;
		};
		6319C7762A6844B40083DC17 /* Build configuration list for PBXNativeTarget "blackList" */ = {
			isa = XCConfigurationList;
			buildConfigurations = (
				6319C7772A6844B40083DC17 /* Debug */,
				6319C7782A6844B40083DC17 /* Release */,
			);
			defaultConfigurationIsVisible = 0;
			defaultConfigurationName = Release;
		};
		6319C7792A6844B40083DC17 /* Build configuration list for PBXNativeTarget "blackListTests" */ = {
			isa = XCConfigurationList;
			buildConfigurations = (
				6319C77A2A6844B40083DC17 /* Debug */,
				6319C77B2A6844B40083DC17 /* Release */,
			);
			defaultConfigurationIsVisible = 0;
			defaultConfigurationName = Release;
		};
		6319C77C2A6844B40083DC17 /* Build configuration list for PBXNativeTarget "blackListUITests" */ = {
			isa = XCConfigurationList;
			buildConfigurations = (
				6319C77D2A6844B40083DC17 /* Debug */,
				6319C77E2A6844B40083DC17 /* Release */,
			);
			defaultConfigurationIsVisible = 0;
			defaultConfigurationName = Release;
		};
/* End XCConfigurationList section */

/* Begin XCRemoteSwiftPackageReference section */
		6319C7812A684A9C0083DC17 /* XCRemoteSwiftPackageReference "SnapKit" */ = {
			isa = XCRemoteSwiftPackageReference;
			repositoryURL = "https://github.com/SnapKit/SnapKit.git";
			requirement = {
				kind = upToNextMajorVersion;
				minimumVersion = 5.0.0;
			};
		};
		6319C7902A6ABBC90083DC17 /* XCRemoteSwiftPackageReference "Foil" */ = {
			isa = XCRemoteSwiftPackageReference;
			repositoryURL = "https://github.com/jessesquires/Foil.git";
			requirement = {
				kind = upToNextMajorVersion;
				minimumVersion = 4.0.0;
			};
		};
		639DABCF2A927D8100AFD13A /* XCRemoteSwiftPackageReference "realm-swift" */ = {
			isa = XCRemoteSwiftPackageReference;
			repositoryURL = "https://github.com/realm/realm-swift.git";
			requirement = {
				branch = master;
				kind = branch;
			};
		};
/* End XCRemoteSwiftPackageReference section */

/* Begin XCSwiftPackageProductDependency section */
		6319C7822A684A9C0083DC17 /* SnapKit */ = {
			isa = XCSwiftPackageProductDependency;
			package = 6319C7812A684A9C0083DC17 /* XCRemoteSwiftPackageReference "SnapKit" */;
			productName = SnapKit;
		};
		6319C7912A6ABBC90083DC17 /* Foil */ = {
			isa = XCSwiftPackageProductDependency;
			package = 6319C7902A6ABBC90083DC17 /* XCRemoteSwiftPackageReference "Foil" */;
			productName = Foil;
		};
		639DABD02A927D8100AFD13A /* Realm */ = {
			isa = XCSwiftPackageProductDependency;
			package = 639DABCF2A927D8100AFD13A /* XCRemoteSwiftPackageReference "realm-swift" */;
			productName = Realm;
		};
		639DABD22A927D8100AFD13A /* RealmSwift */ = {
			isa = XCSwiftPackageProductDependency;
			package = 639DABCF2A927D8100AFD13A /* XCRemoteSwiftPackageReference "realm-swift" */;
			productName = RealmSwift;
		};
/* End XCSwiftPackageProductDependency section */
	};
	rootObject = 6319C7442A6844B20083DC17 /* Project object */;
}
